
Microsoft Visual Studio Solution File, Format Version 12.00
# Visual Studio Version 16
VisualStudioVersion = 16.0.31205.134
MinimumVisualStudioVersion = 10.0.40219.1
Project("{FAE04EC0-301F-11D3-BF4B-00C04F79EFBC}") = "LeagueHelper", "LeagueHelper\LeagueHelper.csproj", "{73A669B9-8A99-466B-B571-33252C389704}"
EndProject
Global
	GlobalSection(SolutionConfigurationPlatforms) = preSolution
		Debug|Any CPU = Debug|Any CPU
		Release|Any CPU = Release|Any CPU
	EndGlobalSection
	GlobalSection(ProjectConfigurationPlatforms) = postSolution
		{73A669B9-8A99-466B-B571-33252C389704}.Debug|Any CPU.ActiveCfg = Debug|Any CPU
		{73A669B9-8A99-466B-B571-33252C389704}.Debug|Any CPU.Build.0 = Debug|Any CPU
		{73A669B9-8A99-466B-B571-33252C389704}.Release|Any CPU.ActiveCfg = Release|Any CPU
		{73A669B9-8A99-466B-B571-33252C389704}.Release|Any CPU.Build.0 = Release|Any CPU
	EndGlobalSection
	GlobalSection(SolutionProperties) = preSolution
		HideSolutionNode = FALSE
	EndGlobalSection
	GlobalSection(ExtensibilityGlobals) = postSolution
		SolutionGuid = {4114074E-ACA5-483E-8E4B-C905D3EC86DE}
	EndGlobalSection
EndGlobal
